// !$*UTF8*$!
{
	archiveVersion = 1;
	classes = {
	};
	objectVersion = 46;
	objects = {

/* Begin PBXBuildFile section */
		193436EA1A07CE020077F31E /* cheukoin.png in Resources */ = {isa = PBXBuildFile; fileRef = 193436E91A07CE020077F31E /* cheukoin.png */; };
		197B22CF1A1248EB00E3DD3D /* cardBack.png in Resources */ = {isa = PBXBuildFile; fileRef = 197B22CE1A1248EB00E3DD3D /* cardBack.png */; };
		197B234F1A1251AC00E3DD3D /* main.cpp in Sources */ = {isa = PBXBuildFile; fileRef = 197B234E1A1251AC00E3DD3D /* main.cpp */; };
		197B23611A12535400E3DD3D /* AnimatedObject.cpp in Sources */ = {isa = PBXBuildFile; fileRef = 19C390BC1A0E3BCD00C857C0 /* AnimatedObject.cpp */; };
		197B23621A12535400E3DD3D /* Application.cpp in Sources */ = {isa = PBXBuildFile; fileRef = 19E8151D19F2C77E00B2A5F8 /* Application.cpp */; };
		197B23631A12535400E3DD3D /* Asset.cpp in Sources */ = {isa = PBXBuildFile; fileRef = 19E3F8701A0FB24E00F236E1 /* Asset.cpp */; };
		197B23641A12535400E3DD3D /* Bid.cpp in Sources */ = {isa = PBXBuildFile; fileRef = C0B83E9919E2C23C0037C5AE /* Bid.cpp */; };
		197B23651A12535400E3DD3D /* Bot.cpp in Sources */ = {isa = PBXBuildFile; fileRef = C0B83EC619E2C95A0037C5AE /* Bot.cpp */; };
		197B23661A12535400E3DD3D /* Card.cpp in Sources */ = {isa = PBXBuildFile; fileRef = C0B83E9B19E2C23C0037C5AE /* Card.cpp */; };
		197B23671A12535400E3DD3D /* Game.cpp in Sources */ = {isa = PBXBuildFile; fileRef = C0B83EA019E2C23C0037C5AE /* Game.cpp */; };
		197B23681A12535400E3DD3D /* Human.cpp in Sources */ = {isa = PBXBuildFile; fileRef = 1984DA6A19F66EBB000FFC73 /* Human.cpp */; };
		197B23691A12535400E3DD3D /* Lobby.cpp in Sources */ = {isa = PBXBuildFile; fileRef = 19D2FA1C19F034280074B105 /* Lobby.cpp */; };
		197B236A1A12535400E3DD3D /* NetworkManager.cpp in Sources */ = {isa = PBXBuildFile; fileRef = C0B83EA519E2C23C0037C5AE /* NetworkManager.cpp */; };
		197B236B1A12535400E3DD3D /* Player.cpp in Sources */ = {isa = PBXBuildFile; fileRef = C0B83EA719E2C23C0037C5AE /* Player.cpp */; };
		197B236C1A12535400E3DD3D /* Rules.cpp in Sources */ = {isa = PBXBuildFile; fileRef = 93F833CD19F6F6D40022011F /* Rules.cpp */; };
		197B236D1A12535400E3DD3D /* Score.cpp in Sources */ = {isa = PBXBuildFile; fileRef = C0B83EAF19E2C23C0037C5AE /* Score.cpp */; };
		197B236E1A12535800E3DD3D /* Team.cpp in Sources */ = {isa = PBXBuildFile; fileRef = C0B83EB119E2C23C0037C5AE /* Team.cpp */; };
		197B236F1A12535800E3DD3D /* Trick.cpp in Sources */ = {isa = PBXBuildFile; fileRef = C0B83EB319E2C23C0037C5AE /* Trick.cpp */; };
		197B23701A12536E00E3DD3D /* jsoncpp.cpp in Sources */ = {isa = PBXBuildFile; fileRef = 19EAA46519E2C72C00F23D27 /* jsoncpp.cpp */; };
		197B23711A12538300E3DD3D /* ResourcePathOSX.mm in Sources */ = {isa = PBXBuildFile; fileRef = C0B83EAB19E2C23C0037C5AE /* ResourcePathOSX.mm */; };
		197B23731A12553A00E3DD3D /* cardBack.png in Resources */ = {isa = PBXBuildFile; fileRef = 197B22CE1A1248EB00E3DD3D /* cardBack.png */; };
		197B23741A12553A00E3DD3D /* suits.png in Resources */ = {isa = PBXBuildFile; fileRef = 19E3F86E1A0FB1DC00F236E1 /* suits.png */; };
		197B23761A12553A00E3DD3D /* cheukoin.png in Resources */ = {isa = PBXBuildFile; fileRef = 193436E91A07CE020077F31E /* cheukoin.png */; };
		197B23771A12553A00E3DD3D /* sansation.ttf in Resources */ = {isa = PBXBuildFile; fileRef = 9330B4941A02C7450078D1A7 /* sansation.ttf */; };
		197B23781A12553A00E3DD3D /* 7_of_clubs.png in Resources */ = {isa = PBXBuildFile; fileRef = 19D2FA1F19F050CB0074B105 /* 7_of_clubs.png */; };
		197B23791A12553A00E3DD3D /* 7_of_diamonds.png in Resources */ = {isa = PBXBuildFile; fileRef = 19D2FA2019F050CB0074B105 /* 7_of_diamonds.png */; };
		197B237A1A12553A00E3DD3D /* 7_of_hearts.png in Resources */ = {isa = PBXBuildFile; fileRef = 19D2FA2119F050CB0074B105 /* 7_of_hearts.png */; };
		197B237B1A12553A00E3DD3D /* 7_of_spades.png in Resources */ = {isa = PBXBuildFile; fileRef = 19D2FA2219F050CB0074B105 /* 7_of_spades.png */; };
		197B237C1A12553A00E3DD3D /* 8_of_clubs.png in Resources */ = {isa = PBXBuildFile; fileRef = 19D2FA2319F050CB0074B105 /* 8_of_clubs.png */; };
		197B237D1A12553A00E3DD3D /* 8_of_diamonds.png in Resources */ = {isa = PBXBuildFile; fileRef = 19D2FA2419F050CB0074B105 /* 8_of_diamonds.png */; };
		197B237E1A12553A00E3DD3D /* 8_of_hearts.png in Resources */ = {isa = PBXBuildFile; fileRef = 19D2FA2519F050CB0074B105 /* 8_of_hearts.png */; };
		197B237F1A12553A00E3DD3D /* 8_of_spades.png in Resources */ = {isa = PBXBuildFile; fileRef = 19D2FA2619F050CB0074B105 /* 8_of_spades.png */; };
		197B23801A12553A00E3DD3D /* 9_of_clubs.png in Resources */ = {isa = PBXBuildFile; fileRef = 19D2FA2719F050CB0074B105 /* 9_of_clubs.png */; };
		197B23811A12553A00E3DD3D /* 9_of_diamonds.png in Resources */ = {isa = PBXBuildFile; fileRef = 19D2FA2819F050CB0074B105 /* 9_of_diamonds.png */; };
		197B23821A12553A00E3DD3D /* 9_of_hearts.png in Resources */ = {isa = PBXBuildFile; fileRef = 19D2FA2919F050CB0074B105 /* 9_of_hearts.png */; };
		197B23831A12553A00E3DD3D /* 9_of_spades.png in Resources */ = {isa = PBXBuildFile; fileRef = 19D2FA2A19F050CB0074B105 /* 9_of_spades.png */; };
		197B23841A12553A00E3DD3D /* 10_of_clubs.png in Resources */ = {isa = PBXBuildFile; fileRef = 19D2FA2B19F050CB0074B105 /* 10_of_clubs.png */; };
		197B23851A12553A00E3DD3D /* 10_of_diamonds.png in Resources */ = {isa = PBXBuildFile; fileRef = 19D2FA2C19F050CB0074B105 /* 10_of_diamonds.png */; };
		197B23861A12553A00E3DD3D /* 10_of_hearts.png in Resources */ = {isa = PBXBuildFile; fileRef = 19D2FA2D19F050CB0074B105 /* 10_of_hearts.png */; };
		197B23871A12553A00E3DD3D /* 10_of_spades.png in Resources */ = {isa = PBXBuildFile; fileRef = 19D2FA2E19F050CB0074B105 /* 10_of_spades.png */; };
		197B23881A12553A00E3DD3D /* ace_of_clubs.png in Resources */ = {isa = PBXBuildFile; fileRef = 19D2FA2F19F050CB0074B105 /* ace_of_clubs.png */; };
		197B23891A12553A00E3DD3D /* ace_of_diamonds.png in Resources */ = {isa = PBXBuildFile; fileRef = 19D2FA3019F050CB0074B105 /* ace_of_diamonds.png */; };
		197B238A1A12553A00E3DD3D /* ace_of_hearts.png in Resources */ = {isa = PBXBuildFile; fileRef = 19D2FA3119F050CB0074B105 /* ace_of_hearts.png */; };
		197B238B1A12553A00E3DD3D /* ace_of_spades.png in Resources */ = {isa = PBXBuildFile; fileRef = 19D2FA3219F050CB0074B105 /* ace_of_spades.png */; };
		197B238C1A12553A00E3DD3D /* jack_of_clubs.png in Resources */ = {isa = PBXBuildFile; fileRef = 19D2FA3319F050CB0074B105 /* jack_of_clubs.png */; };
		197B238D1A12553A00E3DD3D /* scoreBoard.jpg in Resources */ = {isa = PBXBuildFile; fileRef = C940966E19FED903007F4A21 /* scoreBoard.jpg */; };
		197B238E1A12553A00E3DD3D /* jack_of_diamonds.png in Resources */ = {isa = PBXBuildFile; fileRef = 19D2FA3419F050CB0074B105 /* jack_of_diamonds.png */; };
		197B238F1A12553A00E3DD3D /* jack_of_hearts.png in Resources */ = {isa = PBXBuildFile; fileRef = 19D2FA3519F050CB0074B105 /* jack_of_hearts.png */; };
		197B23901A12553A00E3DD3D /* jack_of_spades.png in Resources */ = {isa = PBXBuildFile; fileRef = 19D2FA3619F050CB0074B105 /* jack_of_spades.png */; };
		197B23911A12553A00E3DD3D /* king_of_clubs.png in Resources */ = {isa = PBXBuildFile; fileRef = 19D2FA3719F050CB0074B105 /* king_of_clubs.png */; };
		197B23921A12553A00E3DD3D /* king_of_diamonds.png in Resources */ = {isa = PBXBuildFile; fileRef = 19D2FA3819F050CB0074B105 /* king_of_diamonds.png */; };
		197B23931A12553A00E3DD3D /* king_of_hearts.png in Resources */ = {isa = PBXBuildFile; fileRef = 19D2FA3919F050CB0074B105 /* king_of_hearts.png */; };
		197B23941A12553A00E3DD3D /* scoreBoard.png in Resources */ = {isa = PBXBuildFile; fileRef = C9A8B8F31A01322500459DE6 /* scoreBoard.png */; };
		197B23951A12553A00E3DD3D /* king_of_spades.png in Resources */ = {isa = PBXBuildFile; fileRef = 19D2FA3A19F050CB0074B105 /* king_of_spades.png */; };
		197B23961A12553A00E3DD3D /* queen_of_clubs.png in Resources */ = {isa = PBXBuildFile; fileRef = 19D2FA3B19F050CB0074B105 /* queen_of_clubs.png */; };
		197B23971A12553A00E3DD3D /* queen_of_diamonds.png in Resources */ = {isa = PBXBuildFile; fileRef = 19D2FA3C19F050CB0074B105 /* queen_of_diamonds.png */; };
		197B23981A12553A00E3DD3D /* queen_of_hearts.png in Resources */ = {isa = PBXBuildFile; fileRef = 19D2FA3D19F050CB0074B105 /* queen_of_hearts.png */; };
		197B23991A12553A00E3DD3D /* queen_of_spades.png in Resources */ = {isa = PBXBuildFile; fileRef = 19D2FA3E19F050CB0074B105 /* queen_of_spades.png */; };
		197B239A1A12553A00E3DD3D /* table.jpeg in Resources */ = {isa = PBXBuildFile; fileRef = C0B1A0D519ED1C3400436C77 /* table.jpeg */; };
		1984DA6C19F66EBB000FFC73 /* Human.cpp in Sources */ = {isa = PBXBuildFile; fileRef = 1984DA6A19F66EBB000FFC73 /* Human.cpp */; };
		19C390BE1A0E3BCD00C857C0 /* AnimatedObject.cpp in Sources */ = {isa = PBXBuildFile; fileRef = 19C390BC1A0E3BCD00C857C0 /* AnimatedObject.cpp */; };
		19D2FA1E19F034280074B105 /* Lobby.cpp in Sources */ = {isa = PBXBuildFile; fileRef = 19D2FA1C19F034280074B105 /* Lobby.cpp */; };
		19D2FA3F19F050CB0074B105 /* 7_of_clubs.png in Resources */ = {isa = PBXBuildFile; fileRef = 19D2FA1F19F050CB0074B105 /* 7_of_clubs.png */; };
		19D2FA4019F050CB0074B105 /* 7_of_diamonds.png in Resources */ = {isa = PBXBuildFile; fileRef = 19D2FA2019F050CB0074B105 /* 7_of_diamonds.png */; };
		19D2FA4119F050CB0074B105 /* 7_of_hearts.png in Resources */ = {isa = PBXBuildFile; fileRef = 19D2FA2119F050CB0074B105 /* 7_of_hearts.png */; };
		19D2FA4219F050CB0074B105 /* 7_of_spades.png in Resources */ = {isa = PBXBuildFile; fileRef = 19D2FA2219F050CB0074B105 /* 7_of_spades.png */; };
		19D2FA4319F050CB0074B105 /* 8_of_clubs.png in Resources */ = {isa = PBXBuildFile; fileRef = 19D2FA2319F050CB0074B105 /* 8_of_clubs.png */; };
		19D2FA4419F050CB0074B105 /* 8_of_diamonds.png in Resources */ = {isa = PBXBuildFile; fileRef = 19D2FA2419F050CB0074B105 /* 8_of_diamonds.png */; };
		19D2FA4519F050CB0074B105 /* 8_of_hearts.png in Resources */ = {isa = PBXBuildFile; fileRef = 19D2FA2519F050CB0074B105 /* 8_of_hearts.png */; };
		19D2FA4619F050CB0074B105 /* 8_of_spades.png in Resources */ = {isa = PBXBuildFile; fileRef = 19D2FA2619F050CB0074B105 /* 8_of_spades.png */; };
		19D2FA4719F050CB0074B105 /* 9_of_clubs.png in Resources */ = {isa = PBXBuildFile; fileRef = 19D2FA2719F050CB0074B105 /* 9_of_clubs.png */; };
		19D2FA4819F050CB0074B105 /* 9_of_diamonds.png in Resources */ = {isa = PBXBuildFile; fileRef = 19D2FA2819F050CB0074B105 /* 9_of_diamonds.png */; };
		19D2FA4919F050CB0074B105 /* 9_of_hearts.png in Resources */ = {isa = PBXBuildFile; fileRef = 19D2FA2919F050CB0074B105 /* 9_of_hearts.png */; };
		19D2FA4A19F050CB0074B105 /* 9_of_spades.png in Resources */ = {isa = PBXBuildFile; fileRef = 19D2FA2A19F050CB0074B105 /* 9_of_spades.png */; };
		19D2FA4B19F050CB0074B105 /* 10_of_clubs.png in Resources */ = {isa = PBXBuildFile; fileRef = 19D2FA2B19F050CB0074B105 /* 10_of_clubs.png */; };
		19D2FA4C19F050CB0074B105 /* 10_of_diamonds.png in Resources */ = {isa = PBXBuildFile; fileRef = 19D2FA2C19F050CB0074B105 /* 10_of_diamonds.png */; };
		19D2FA4D19F050CB0074B105 /* 10_of_hearts.png in Resources */ = {isa = PBXBuildFile; fileRef = 19D2FA2D19F050CB0074B105 /* 10_of_hearts.png */; };
		19D2FA4E19F050CB0074B105 /* 10_of_spades.png in Resources */ = {isa = PBXBuildFile; fileRef = 19D2FA2E19F050CB0074B105 /* 10_of_spades.png */; };
		19D2FA4F19F050CB0074B105 /* ace_of_clubs.png in Resources */ = {isa = PBXBuildFile; fileRef = 19D2FA2F19F050CB0074B105 /* ace_of_clubs.png */; };
		19D2FA5019F050CB0074B105 /* ace_of_diamonds.png in Resources */ = {isa = PBXBuildFile; fileRef = 19D2FA3019F050CB0074B105 /* ace_of_diamonds.png */; };
		19D2FA5119F050CB0074B105 /* ace_of_hearts.png in Resources */ = {isa = PBXBuildFile; fileRef = 19D2FA3119F050CB0074B105 /* ace_of_hearts.png */; };
		19D2FA5219F050CB0074B105 /* ace_of_spades.png in Resources */ = {isa = PBXBuildFile; fileRef = 19D2FA3219F050CB0074B105 /* ace_of_spades.png */; };
		19D2FA5319F050CB0074B105 /* jack_of_clubs.png in Resources */ = {isa = PBXBuildFile; fileRef = 19D2FA3319F050CB0074B105 /* jack_of_clubs.png */; };
		19D2FA5419F050CB0074B105 /* jack_of_diamonds.png in Resources */ = {isa = PBXBuildFile; fileRef = 19D2FA3419F050CB0074B105 /* jack_of_diamonds.png */; };
		19D2FA5519F050CB0074B105 /* jack_of_hearts.png in Resources */ = {isa = PBXBuildFile; fileRef = 19D2FA3519F050CB0074B105 /* jack_of_hearts.png */; };
		19D2FA5619F050CB0074B105 /* jack_of_spades.png in Resources */ = {isa = PBXBuildFile; fileRef = 19D2FA3619F050CB0074B105 /* jack_of_spades.png */; };
		19D2FA5719F050CB0074B105 /* king_of_clubs.png in Resources */ = {isa = PBXBuildFile; fileRef = 19D2FA3719F050CB0074B105 /* king_of_clubs.png */; };
		19D2FA5819F050CB0074B105 /* king_of_diamonds.png in Resources */ = {isa = PBXBuildFile; fileRef = 19D2FA3819F050CB0074B105 /* king_of_diamonds.png */; };
		19D2FA5919F050CB0074B105 /* king_of_hearts.png in Resources */ = {isa = PBXBuildFile; fileRef = 19D2FA3919F050CB0074B105 /* king_of_hearts.png */; };
		19D2FA5A19F050CB0074B105 /* king_of_spades.png in Resources */ = {isa = PBXBuildFile; fileRef = 19D2FA3A19F050CB0074B105 /* king_of_spades.png */; };
		19D2FA5B19F050CB0074B105 /* queen_of_clubs.png in Resources */ = {isa = PBXBuildFile; fileRef = 19D2FA3B19F050CB0074B105 /* queen_of_clubs.png */; };
		19D2FA5C19F050CB0074B105 /* queen_of_diamonds.png in Resources */ = {isa = PBXBuildFile; fileRef = 19D2FA3C19F050CB0074B105 /* queen_of_diamonds.png */; };
		19D2FA5D19F050CB0074B105 /* queen_of_hearts.png in Resources */ = {isa = PBXBuildFile; fileRef = 19D2FA3D19F050CB0074B105 /* queen_of_hearts.png */; };
		19D2FA5E19F050CB0074B105 /* queen_of_spades.png in Resources */ = {isa = PBXBuildFile; fileRef = 19D2FA3E19F050CB0074B105 /* queen_of_spades.png */; };
		19E3F86F1A0FB1DC00F236E1 /* suits.png in Resources */ = {isa = PBXBuildFile; fileRef = 19E3F86E1A0FB1DC00F236E1 /* suits.png */; };
		19E3F8721A0FB24E00F236E1 /* Asset.cpp in Sources */ = {isa = PBXBuildFile; fileRef = 19E3F8701A0FB24E00F236E1 /* Asset.cpp */; };
		19E8151F19F2C77E00B2A5F8 /* Application.cpp in Sources */ = {isa = PBXBuildFile; fileRef = 19E8151D19F2C77E00B2A5F8 /* Application.cpp */; };
		19EAA46619E2C72C00F23D27 /* jsoncpp.cpp in Sources */ = {isa = PBXBuildFile; fileRef = 19EAA46519E2C72C00F23D27 /* jsoncpp.cpp */; };
		19EE70B01A2B469A0057D778 /* freetype.framework in Frameworks */ = {isa = PBXBuildFile; fileRef = 19EE709E1A2B465A0057D778 /* freetype.framework */; };
		19EE70B11A2B469E0057D778 /* gtest.framework in Frameworks */ = {isa = PBXBuildFile; fileRef = 19EE709F1A2B465A0057D778 /* gtest.framework */; };
		19EE70B21A2B469E0057D778 /* sfml-audio.framework in Frameworks */ = {isa = PBXBuildFile; fileRef = 19EE70A01A2B465A0057D778 /* sfml-audio.framework */; };
		19EE70B31A2B469E0057D778 /* sfml-graphics.framework in Frameworks */ = {isa = PBXBuildFile; fileRef = 19EE70A11A2B465A0057D778 /* sfml-graphics.framework */; };
		19EE70B41A2B469E0057D778 /* sfml-network.framework in Frameworks */ = {isa = PBXBuildFile; fileRef = 19EE70A21A2B465A0057D778 /* sfml-network.framework */; };
		19EE70B51A2B469E0057D778 /* sfml-system.framework in Frameworks */ = {isa = PBXBuildFile; fileRef = 19EE70A31A2B465A0057D778 /* sfml-system.framework */; };
		19EE70B61A2B469E0057D778 /* sfml-window.framework in Frameworks */ = {isa = PBXBuildFile; fileRef = 19EE70A41A2B465A0057D778 /* sfml-window.framework */; };
		19EE70B71A2B469E0057D778 /* SFML.framework in Frameworks */ = {isa = PBXBuildFile; fileRef = 19EE70A51A2B465A0057D778 /* SFML.framework */; };
		19EE70B81A2B469E0057D778 /* sndfile.framework in Frameworks */ = {isa = PBXBuildFile; fileRef = 19EE70A61A2B465A0057D778 /* sndfile.framework */; };
		19EE70B91A2B4A5E0057D778 /* gtest.framework in Frameworks */ = {isa = PBXBuildFile; fileRef = 19EE709F1A2B465A0057D778 /* gtest.framework */; };
		19EE70BA1A2B4A7F0057D778 /* BidMaker.cpp in Sources */ = {isa = PBXBuildFile; fileRef = C0FBD6261A1A64DD00E9E754 /* BidMaker.cpp */; };
		9330B4951A02C7450078D1A7 /* sansation.ttf in Resources */ = {isa = PBXBuildFile; fileRef = 9330B4941A02C7450078D1A7 /* sansation.ttf */; };
		9366BA341A1E9C6700A824F5 /* nextButton.png in Resources */ = {isa = PBXBuildFile; fileRef = 9366BA331A1E9C6700A824F5 /* nextButton.png */; };
		93C9079F1A434BB50048A38E /* endButton.png in Resources */ = {isa = PBXBuildFile; fileRef = 93C9079E1A434BB50048A38E /* endButton.png */; };
		93F833CE19F6F6D40022011F /* Rules.cpp in Sources */ = {isa = PBXBuildFile; fileRef = 93F833CD19F6F6D40022011F /* Rules.cpp */; };
		C0B1A0D619ED1C3400436C77 /* table.jpeg in Resources */ = {isa = PBXBuildFile; fileRef = C0B1A0D519ED1C3400436C77 /* table.jpeg */; };
		C0B83EB519E2C23C0037C5AE /* Bid.cpp in Sources */ = {isa = PBXBuildFile; fileRef = C0B83E9919E2C23C0037C5AE /* Bid.cpp */; };
		C0B83EB619E2C23C0037C5AE /* Card.cpp in Sources */ = {isa = PBXBuildFile; fileRef = C0B83E9B19E2C23C0037C5AE /* Card.cpp */; };
		C0B83EBA19E2C23C0037C5AE /* Game.cpp in Sources */ = {isa = PBXBuildFile; fileRef = C0B83EA019E2C23C0037C5AE /* Game.cpp */; };
		C0B83EBC19E2C23C0037C5AE /* main.cpp in Sources */ = {isa = PBXBuildFile; fileRef = C0B83EA419E2C23C0037C5AE /* main.cpp */; };
		C0B83EBD19E2C23C0037C5AE /* NetworkManager.cpp in Sources */ = {isa = PBXBuildFile; fileRef = C0B83EA519E2C23C0037C5AE /* NetworkManager.cpp */; };
		C0B83EBE19E2C23C0037C5AE /* Player.cpp in Sources */ = {isa = PBXBuildFile; fileRef = C0B83EA719E2C23C0037C5AE /* Player.cpp */; };
		C0B83EBF19E2C23C0037C5AE /* ResourcePathOSX.mm in Sources */ = {isa = PBXBuildFile; fileRef = C0B83EAB19E2C23C0037C5AE /* ResourcePathOSX.mm */; };
		C0B83EC119E2C23C0037C5AE /* Thumbs.db in Resources */ = {isa = PBXBuildFile; fileRef = C0B83EAE19E2C23C0037C5AE /* Thumbs.db */; };
		C0B83EC219E2C23C0037C5AE /* Score.cpp in Sources */ = {isa = PBXBuildFile; fileRef = C0B83EAF19E2C23C0037C5AE /* Score.cpp */; };
		C0B83EC319E2C23C0037C5AE /* Team.cpp in Sources */ = {isa = PBXBuildFile; fileRef = C0B83EB119E2C23C0037C5AE /* Team.cpp */; };
		C0B83EC419E2C23C0037C5AE /* Trick.cpp in Sources */ = {isa = PBXBuildFile; fileRef = C0B83EB319E2C23C0037C5AE /* Trick.cpp */; };
		C0B83EC819E2C95A0037C5AE /* Bot.cpp in Sources */ = {isa = PBXBuildFile; fileRef = C0B83EC619E2C95A0037C5AE /* Bot.cpp */; };
		C0FBD6281A1A64DD00E9E754 /* BidMaker.cpp in Sources */ = {isa = PBXBuildFile; fileRef = C0FBD6261A1A64DD00E9E754 /* BidMaker.cpp */; };
		C0FBD62A1A1AA09100E9E754 /* bidsTable.png in Resources */ = {isa = PBXBuildFile; fileRef = C0FBD6291A1AA09100E9E754 /* bidsTable.png */; };
		C940966F19FED903007F4A21 /* scoreBoard.jpg in Resources */ = {isa = PBXBuildFile; fileRef = C940966E19FED903007F4A21 /* scoreBoard.jpg */; };
		C9A8B8F41A01322500459DE6 /* scoreBoard.png in Resources */ = {isa = PBXBuildFile; fileRef = C9A8B8F31A01322500459DE6 /* scoreBoard.png */; };
/* End PBXBuildFile section */

/* Begin PBXFileReference section */
		193436E91A07CE020077F31E /* cheukoin.png */ = {isa = PBXFileReference; lastKnownFileType = image.png; path = cheukoin.png; sourceTree = "<group>"; };
		197B22CE1A1248EB00E3DD3D /* cardBack.png */ = {isa = PBXFileReference; lastKnownFileType = image.png; name = cardBack.png; path = Cheukoin/Resources/cardBack.png; sourceTree = SOURCE_ROOT; };
		197B234C1A1251AC00E3DD3D /* CheukoinTests */ = {isa = PBXFileReference; explicitFileType = "compiled.mach-o.executable"; includeInIndex = 0; path = CheukoinTests; sourceTree = BUILT_PRODUCTS_DIR; };
		197B234E1A1251AC00E3DD3D /* main.cpp */ = {isa = PBXFileReference; lastKnownFileType = sourcecode.cpp.cpp; path = main.cpp; sourceTree = "<group>"; };
		1984DA6A19F66EBB000FFC73 /* Human.cpp */ = {isa = PBXFileReference; fileEncoding = 4; lastKnownFileType = sourcecode.cpp.cpp; path = Human.cpp; sourceTree = "<group>"; };
		1984DA6B19F66EBB000FFC73 /* Human.h */ = {isa = PBXFileReference; fileEncoding = 4; lastKnownFileType = sourcecode.c.h; path = Human.h; sourceTree = "<group>"; };
		19A57CD119E2989E00FE40DD /* Cheukoin.app */ = {isa = PBXFileReference; explicitFileType = wrapper.application; includeInIndex = 0; path = Cheukoin.app; sourceTree = BUILT_PRODUCTS_DIR; };
		19A57CD519E2989E00FE40DD /* Cheukoin-Info.plist */ = {isa = PBXFileReference; lastKnownFileType = text.plist.xml; path = "Cheukoin-Info.plist"; sourceTree = "<group>"; };
		19C390BC1A0E3BCD00C857C0 /* AnimatedObject.cpp */ = {isa = PBXFileReference; fileEncoding = 4; lastKnownFileType = sourcecode.cpp.cpp; path = AnimatedObject.cpp; sourceTree = "<group>"; };
		19C390BD1A0E3BCD00C857C0 /* AnimatedObject.h */ = {isa = PBXFileReference; fileEncoding = 4; lastKnownFileType = sourcecode.c.h; path = AnimatedObject.h; sourceTree = "<group>"; };
		19D2FA1C19F034280074B105 /* Lobby.cpp */ = {isa = PBXFileReference; fileEncoding = 4; lastKnownFileType = sourcecode.cpp.cpp; path = Lobby.cpp; sourceTree = "<group>"; };
		19D2FA1D19F034280074B105 /* Lobby.h */ = {isa = PBXFileReference; fileEncoding = 4; lastKnownFileType = sourcecode.c.h; path = Lobby.h; sourceTree = "<group>"; };
		19D2FA1F19F050CB0074B105 /* 7_of_clubs.png */ = {isa = PBXFileReference; lastKnownFileType = image.png; path = 7_of_clubs.png; sourceTree = "<group>"; };
		19D2FA2019F050CB0074B105 /* 7_of_diamonds.png */ = {isa = PBXFileReference; lastKnownFileType = image.png; path = 7_of_diamonds.png; sourceTree = "<group>"; };
		19D2FA2119F050CB0074B105 /* 7_of_hearts.png */ = {isa = PBXFileReference; lastKnownFileType = image.png; path = 7_of_hearts.png; sourceTree = "<group>"; };
		19D2FA2219F050CB0074B105 /* 7_of_spades.png */ = {isa = PBXFileReference; lastKnownFileType = image.png; path = 7_of_spades.png; sourceTree = "<group>"; };
		19D2FA2319F050CB0074B105 /* 8_of_clubs.png */ = {isa = PBXFileReference; lastKnownFileType = image.png; path = 8_of_clubs.png; sourceTree = "<group>"; };
		19D2FA2419F050CB0074B105 /* 8_of_diamonds.png */ = {isa = PBXFileReference; lastKnownFileType = image.png; path = 8_of_diamonds.png; sourceTree = "<group>"; };
		19D2FA2519F050CB0074B105 /* 8_of_hearts.png */ = {isa = PBXFileReference; lastKnownFileType = image.png; path = 8_of_hearts.png; sourceTree = "<group>"; };
		19D2FA2619F050CB0074B105 /* 8_of_spades.png */ = {isa = PBXFileReference; lastKnownFileType = image.png; path = 8_of_spades.png; sourceTree = "<group>"; };
		19D2FA2719F050CB0074B105 /* 9_of_clubs.png */ = {isa = PBXFileReference; lastKnownFileType = image.png; path = 9_of_clubs.png; sourceTree = "<group>"; };
		19D2FA2819F050CB0074B105 /* 9_of_diamonds.png */ = {isa = PBXFileReference; lastKnownFileType = image.png; path = 9_of_diamonds.png; sourceTree = "<group>"; };
		19D2FA2919F050CB0074B105 /* 9_of_hearts.png */ = {isa = PBXFileReference; lastKnownFileType = image.png; path = 9_of_hearts.png; sourceTree = "<group>"; };
		19D2FA2A19F050CB0074B105 /* 9_of_spades.png */ = {isa = PBXFileReference; lastKnownFileType = image.png; path = 9_of_spades.png; sourceTree = "<group>"; };
		19D2FA2B19F050CB0074B105 /* 10_of_clubs.png */ = {isa = PBXFileReference; lastKnownFileType = image.png; path = 10_of_clubs.png; sourceTree = "<group>"; };
		19D2FA2C19F050CB0074B105 /* 10_of_diamonds.png */ = {isa = PBXFileReference; lastKnownFileType = image.png; path = 10_of_diamonds.png; sourceTree = "<group>"; };
		19D2FA2D19F050CB0074B105 /* 10_of_hearts.png */ = {isa = PBXFileReference; lastKnownFileType = image.png; path = 10_of_hearts.png; sourceTree = "<group>"; };
		19D2FA2E19F050CB0074B105 /* 10_of_spades.png */ = {isa = PBXFileReference; lastKnownFileType = image.png; path = 10_of_spades.png; sourceTree = "<group>"; };
		19D2FA2F19F050CB0074B105 /* ace_of_clubs.png */ = {isa = PBXFileReference; lastKnownFileType = image.png; path = ace_of_clubs.png; sourceTree = "<group>"; };
		19D2FA3019F050CB0074B105 /* ace_of_diamonds.png */ = {isa = PBXFileReference; lastKnownFileType = image.png; path = ace_of_diamonds.png; sourceTree = "<group>"; };
		19D2FA3119F050CB0074B105 /* ace_of_hearts.png */ = {isa = PBXFileReference; lastKnownFileType = image.png; path = ace_of_hearts.png; sourceTree = "<group>"; };
		19D2FA3219F050CB0074B105 /* ace_of_spades.png */ = {isa = PBXFileReference; lastKnownFileType = image.png; path = ace_of_spades.png; sourceTree = "<group>"; };
		19D2FA3319F050CB0074B105 /* jack_of_clubs.png */ = {isa = PBXFileReference; lastKnownFileType = image.png; path = jack_of_clubs.png; sourceTree = "<group>"; };
		19D2FA3419F050CB0074B105 /* jack_of_diamonds.png */ = {isa = PBXFileReference; lastKnownFileType = image.png; path = jack_of_diamonds.png; sourceTree = "<group>"; };
		19D2FA3519F050CB0074B105 /* jack_of_hearts.png */ = {isa = PBXFileReference; lastKnownFileType = image.png; path = jack_of_hearts.png; sourceTree = "<group>"; };
		19D2FA3619F050CB0074B105 /* jack_of_spades.png */ = {isa = PBXFileReference; lastKnownFileType = image.png; path = jack_of_spades.png; sourceTree = "<group>"; };
		19D2FA3719F050CB0074B105 /* king_of_clubs.png */ = {isa = PBXFileReference; lastKnownFileType = image.png; path = king_of_clubs.png; sourceTree = "<group>"; };
		19D2FA3819F050CB0074B105 /* king_of_diamonds.png */ = {isa = PBXFileReference; lastKnownFileType = image.png; path = king_of_diamonds.png; sourceTree = "<group>"; };
		19D2FA3919F050CB0074B105 /* king_of_hearts.png */ = {isa = PBXFileReference; lastKnownFileType = image.png; path = king_of_hearts.png; sourceTree = "<group>"; };
		19D2FA3A19F050CB0074B105 /* king_of_spades.png */ = {isa = PBXFileReference; lastKnownFileType = image.png; path = king_of_spades.png; sourceTree = "<group>"; };
		19D2FA3B19F050CB0074B105 /* queen_of_clubs.png */ = {isa = PBXFileReference; lastKnownFileType = image.png; path = queen_of_clubs.png; sourceTree = "<group>"; };
		19D2FA3C19F050CB0074B105 /* queen_of_diamonds.png */ = {isa = PBXFileReference; lastKnownFileType = image.png; path = queen_of_diamonds.png; sourceTree = "<group>"; };
		19D2FA3D19F050CB0074B105 /* queen_of_hearts.png */ = {isa = PBXFileReference; lastKnownFileType = image.png; path = queen_of_hearts.png; sourceTree = "<group>"; };
		19D2FA3E19F050CB0074B105 /* queen_of_spades.png */ = {isa = PBXFileReference; lastKnownFileType = image.png; path = queen_of_spades.png; sourceTree = "<group>"; };
		19E3F86E1A0FB1DC00F236E1 /* suits.png */ = {isa = PBXFileReference; lastKnownFileType = image.png; path = suits.png; sourceTree = "<group>"; };
		19E3F8701A0FB24E00F236E1 /* Asset.cpp */ = {isa = PBXFileReference; fileEncoding = 4; lastKnownFileType = sourcecode.cpp.cpp; path = Asset.cpp; sourceTree = "<group>"; };
		19E3F8711A0FB24E00F236E1 /* Asset.h */ = {isa = PBXFileReference; fileEncoding = 4; lastKnownFileType = sourcecode.c.h; path = Asset.h; sourceTree = "<group>"; };
		19E8151D19F2C77E00B2A5F8 /* Application.cpp */ = {isa = PBXFileReference; fileEncoding = 4; lastKnownFileType = sourcecode.cpp.cpp; path = Application.cpp; sourceTree = "<group>"; };
		19E8151E19F2C77E00B2A5F8 /* Application.h */ = {isa = PBXFileReference; fileEncoding = 4; lastKnownFileType = sourcecode.c.h; path = Application.h; sourceTree = "<group>"; };
		19EAA46319E2C72C00F23D27 /* json-forwards.h */ = {isa = PBXFileReference; fileEncoding = 4; lastKnownFileType = sourcecode.c.h; path = "json-forwards.h"; sourceTree = "<group>"; };
		19EAA46419E2C72C00F23D27 /* json.h */ = {isa = PBXFileReference; fileEncoding = 4; lastKnownFileType = sourcecode.c.h; path = json.h; sourceTree = "<group>"; };
		19EAA46519E2C72C00F23D27 /* jsoncpp.cpp */ = {isa = PBXFileReference; fileEncoding = 4; lastKnownFileType = sourcecode.cpp.cpp; name = jsoncpp.cpp; path = Cheukoin/jsoncpp.cpp; sourceTree = "<group>"; };
		19EE709E1A2B465A0057D778 /* freetype.framework */ = {isa = PBXFileReference; lastKnownFileType = wrapper.framework; name = freetype.framework; path = Frameworks/freetype.framework; sourceTree = "<group>"; };
		19EE709F1A2B465A0057D778 /* gtest.framework */ = {isa = PBXFileReference; lastKnownFileType = wrapper.framework; name = gtest.framework; path = Frameworks/gtest.framework; sourceTree = "<group>"; };
		19EE70A01A2B465A0057D778 /* sfml-audio.framework */ = {isa = PBXFileReference; lastKnownFileType = wrapper.framework; name = "sfml-audio.framework"; path = "Frameworks/sfml-audio.framework"; sourceTree = "<group>"; };
		19EE70A11A2B465A0057D778 /* sfml-graphics.framework */ = {isa = PBXFileReference; lastKnownFileType = wrapper.framework; name = "sfml-graphics.framework"; path = "Frameworks/sfml-graphics.framework"; sourceTree = "<group>"; };
		19EE70A21A2B465A0057D778 /* sfml-network.framework */ = {isa = PBXFileReference; lastKnownFileType = wrapper.framework; name = "sfml-network.framework"; path = "Frameworks/sfml-network.framework"; sourceTree = "<group>"; };
		19EE70A31A2B465A0057D778 /* sfml-system.framework */ = {isa = PBXFileReference; lastKnownFileType = wrapper.framework; name = "sfml-system.framework"; path = "Frameworks/sfml-system.framework"; sourceTree = "<group>"; };
		19EE70A41A2B465A0057D778 /* sfml-window.framework */ = {isa = PBXFileReference; lastKnownFileType = wrapper.framework; name = "sfml-window.framework"; path = "Frameworks/sfml-window.framework"; sourceTree = "<group>"; };
		19EE70A51A2B465A0057D778 /* SFML.framework */ = {isa = PBXFileReference; lastKnownFileType = wrapper.framework; name = SFML.framework; path = Frameworks/SFML.framework; sourceTree = "<group>"; };
		19EE70A61A2B465A0057D778 /* sndfile.framework */ = {isa = PBXFileReference; lastKnownFileType = wrapper.framework; name = sndfile.framework; path = Frameworks/sndfile.framework; sourceTree = "<group>"; };
		9330B4941A02C7450078D1A7 /* sansation.ttf */ = {isa = PBXFileReference; lastKnownFileType = file; path = sansation.ttf; sourceTree = "<group>"; };
		9366BA331A1E9C6700A824F5 /* nextButton.png */ = {isa = PBXFileReference; lastKnownFileType = image.png; path = nextButton.png; sourceTree = "<group>"; };
		93C9079E1A434BB50048A38E /* endButton.png */ = {isa = PBXFileReference; lastKnownFileType = image.png; path = endButton.png; sourceTree = "<group>"; };
		93F833CD19F6F6D40022011F /* Rules.cpp */ = {isa = PBXFileReference; fileEncoding = 4; lastKnownFileType = sourcecode.cpp.cpp; path = Rules.cpp; sourceTree = "<group>"; };
		93F833CF19F6F7A20022011F /* Rules.h */ = {isa = PBXFileReference; fileEncoding = 4; lastKnownFileType = sourcecode.c.h; path = Rules.h; sourceTree = "<group>"; };
		C0B1A0D519ED1C3400436C77 /* table.jpeg */ = {isa = PBXFileReference; lastKnownFileType = image.jpeg; path = table.jpeg; sourceTree = "<group>"; };
		C0B83E9919E2C23C0037C5AE /* Bid.cpp */ = {isa = PBXFileReference; fileEncoding = 4; lastKnownFileType = sourcecode.cpp.cpp; path = Bid.cpp; sourceTree = "<group>"; };
		C0B83E9A19E2C23C0037C5AE /* Bid.h */ = {isa = PBXFileReference; fileEncoding = 4; lastKnownFileType = sourcecode.c.h; path = Bid.h; sourceTree = "<group>"; };
		C0B83E9B19E2C23C0037C5AE /* Card.cpp */ = {isa = PBXFileReference; fileEncoding = 4; lastKnownFileType = sourcecode.cpp.cpp; path = Card.cpp; sourceTree = "<group>"; };
		C0B83E9C19E2C23C0037C5AE /* Card.h */ = {isa = PBXFileReference; fileEncoding = 4; lastKnownFileType = sourcecode.c.h; path = Card.h; sourceTree = "<group>"; };
		C0B83EA019E2C23C0037C5AE /* Game.cpp */ = {isa = PBXFileReference; fileEncoding = 4; lastKnownFileType = sourcecode.cpp.cpp; path = Game.cpp; sourceTree = "<group>"; };
		C0B83EA119E2C23C0037C5AE /* Game.h */ = {isa = PBXFileReference; fileEncoding = 4; lastKnownFileType = sourcecode.c.h; path = Game.h; sourceTree = "<group>"; };
		C0B83EA419E2C23C0037C5AE /* main.cpp */ = {isa = PBXFileReference; fileEncoding = 4; lastKnownFileType = sourcecode.cpp.cpp; name = main.cpp; path = Cheukoin/main.cpp; sourceTree = "<group>"; };
		C0B83EA519E2C23C0037C5AE /* NetworkManager.cpp */ = {isa = PBXFileReference; fileEncoding = 4; lastKnownFileType = sourcecode.cpp.cpp; path = NetworkManager.cpp; sourceTree = "<group>"; };
		C0B83EA619E2C23C0037C5AE /* NetworkManager.h */ = {isa = PBXFileReference; fileEncoding = 4; lastKnownFileType = sourcecode.c.h; path = NetworkManager.h; sourceTree = "<group>"; };
		C0B83EA719E2C23C0037C5AE /* Player.cpp */ = {isa = PBXFileReference; fileEncoding = 4; lastKnownFileType = sourcecode.cpp.cpp; path = Player.cpp; sourceTree = "<group>"; };
		C0B83EA819E2C23C0037C5AE /* Player.h */ = {isa = PBXFileReference; fileEncoding = 4; lastKnownFileType = sourcecode.c.h; path = Player.h; sourceTree = "<group>"; };
		C0B83EAA19E2C23C0037C5AE /* ResourcePathOSX.hpp */ = {isa = PBXFileReference; fileEncoding = 4; lastKnownFileType = sourcecode.cpp.h; path = ResourcePathOSX.hpp; sourceTree = "<group>"; };
		C0B83EAB19E2C23C0037C5AE /* ResourcePathOSX.mm */ = {isa = PBXFileReference; fileEncoding = 4; lastKnownFileType = sourcecode.cpp.objcpp; path = ResourcePathOSX.mm; sourceTree = "<group>"; };
		C0B83EAE19E2C23C0037C5AE /* Thumbs.db */ = {isa = PBXFileReference; lastKnownFileType = file; path = Thumbs.db; sourceTree = "<group>"; };
		C0B83EAF19E2C23C0037C5AE /* Score.cpp */ = {isa = PBXFileReference; fileEncoding = 4; lastKnownFileType = sourcecode.cpp.cpp; path = Score.cpp; sourceTree = "<group>"; };
		C0B83EB019E2C23C0037C5AE /* Score.h */ = {isa = PBXFileReference; fileEncoding = 4; lastKnownFileType = sourcecode.c.h; path = Score.h; sourceTree = "<group>"; };
		C0B83EB119E2C23C0037C5AE /* Team.cpp */ = {isa = PBXFileReference; fileEncoding = 4; lastKnownFileType = sourcecode.cpp.cpp; path = Team.cpp; sourceTree = "<group>"; };
		C0B83EB219E2C23C0037C5AE /* Team.h */ = {isa = PBXFileReference; fileEncoding = 4; lastKnownFileType = sourcecode.c.h; path = Team.h; sourceTree = "<group>"; };
		C0B83EB319E2C23C0037C5AE /* Trick.cpp */ = {isa = PBXFileReference; fileEncoding = 4; lastKnownFileType = sourcecode.cpp.cpp; path = Trick.cpp; sourceTree = "<group>"; };
		C0B83EB419E2C23C0037C5AE /* Trick.h */ = {isa = PBXFileReference; fileEncoding = 4; lastKnownFileType = sourcecode.c.h; path = Trick.h; sourceTree = "<group>"; };
		C0B83EC619E2C95A0037C5AE /* Bot.cpp */ = {isa = PBXFileReference; fileEncoding = 4; lastKnownFileType = sourcecode.cpp.cpp; path = Bot.cpp; sourceTree = "<group>"; };
		C0B83EC719E2C95A0037C5AE /* Bot.h */ = {isa = PBXFileReference; fileEncoding = 4; lastKnownFileType = sourcecode.c.h; path = Bot.h; sourceTree = "<group>"; };
		C0C093BE19E81BD900023F27 /* Constants.h */ = {isa = PBXFileReference; fileEncoding = 4; lastKnownFileType = sourcecode.c.h; path = Constants.h; sourceTree = "<group>"; };
		C0FBD6261A1A64DD00E9E754 /* BidMaker.cpp */ = {isa = PBXFileReference; fileEncoding = 4; lastKnownFileType = sourcecode.cpp.cpp; path = BidMaker.cpp; sourceTree = "<group>"; };
		C0FBD6271A1A64DD00E9E754 /* BidMaker.h */ = {isa = PBXFileReference; fileEncoding = 4; lastKnownFileType = sourcecode.c.h; path = BidMaker.h; sourceTree = "<group>"; };
		C0FBD6291A1AA09100E9E754 /* bidsTable.png */ = {isa = PBXFileReference; lastKnownFileType = image.png; path = bidsTable.png; sourceTree = "<group>"; };
		C940966E19FED903007F4A21 /* scoreBoard.jpg */ = {isa = PBXFileReference; lastKnownFileType = image.jpeg; path = scoreBoard.jpg; sourceTree = "<group>"; };
		C9A8B8F31A01322500459DE6 /* scoreBoard.png */ = {isa = PBXFileReference; lastKnownFileType = image.png; path = scoreBoard.png; sourceTree = "<group>"; };
/* End PBXFileReference section */

/* Begin PBXFrameworksBuildPhase section */
		197B234A1A1251AC00E3DD3D /* Frameworks */ = {
			isa = PBXFrameworksBuildPhase;
			buildActionMask = 2147483647;
			files = (
				19EE70B91A2B4A5E0057D778 /* gtest.framework in Frameworks */,
			);
			runOnlyForDeploymentPostprocessing = 0;
		};
		19A57CCD19E2989E00FE40DD /* Frameworks */ = {
			isa = PBXFrameworksBuildPhase;
			buildActionMask = 2147483647;
			files = (
				19EE70B01A2B469A0057D778 /* freetype.framework in Frameworks */,
				19EE70B11A2B469E0057D778 /* gtest.framework in Frameworks */,
				19EE70B21A2B469E0057D778 /* sfml-audio.framework in Frameworks */,
				19EE70B31A2B469E0057D778 /* sfml-graphics.framework in Frameworks */,
				19EE70B41A2B469E0057D778 /* sfml-network.framework in Frameworks */,
				19EE70B51A2B469E0057D778 /* sfml-system.framework in Frameworks */,
				19EE70B61A2B469E0057D778 /* sfml-window.framework in Frameworks */,
				19EE70B71A2B469E0057D778 /* SFML.framework in Frameworks */,
				19EE70B81A2B469E0057D778 /* sndfile.framework in Frameworks */,
			);
			runOnlyForDeploymentPostprocessing = 0;
		};
/* End PBXFrameworksBuildPhase section */

/* Begin PBXGroup section */
		197B234D1A1251AC00E3DD3D /* CheukoinTests */ = {
			isa = PBXGroup;
			children = (
				197B234E1A1251AC00E3DD3D /* main.cpp */,
			);
			path = CheukoinTests;
			sourceTree = "<group>";
		};
		19A57CC719E2989E00FE40DD = {
			isa = PBXGroup;
			children = (
				C0B83EA419E2C23C0037C5AE /* main.cpp */,
				19A57CD319E2989E00FE40DD /* Cheukoin */,
				197B234D1A1251AC00E3DD3D /* CheukoinTests */,
				19A57CD219E2989E00FE40DD /* Products */,
				19A57CD419E2989E00FE40DD /* Supporting Files */,
				C0B83EC519E2C89A0037C5AE /* vendor */,
				C0B83EAC19E2C23C0037C5AE /* Resources */,
			);
			sourceTree = "<group>";
		};
		19A57CD219E2989E00FE40DD /* Products */ = {
			isa = PBXGroup;
			children = (
				19A57CD119E2989E00FE40DD /* Cheukoin.app */,
				197B234C1A1251AC00E3DD3D /* CheukoinTests */,
			);
			name = Products;
			sourceTree = "<group>";
		};
		19A57CD319E2989E00FE40DD /* Cheukoin */ = {
			isa = PBXGroup;
			children = (
				19C390BC1A0E3BCD00C857C0 /* AnimatedObject.cpp */,
				19E8151D19F2C77E00B2A5F8 /* Application.cpp */,
				19E3F8701A0FB24E00F236E1 /* Asset.cpp */,
				C0B83E9919E2C23C0037C5AE /* Bid.cpp */,
				C0FBD6261A1A64DD00E9E754 /* BidMaker.cpp */,
				C0B83EC619E2C95A0037C5AE /* Bot.cpp */,
				C0B83E9B19E2C23C0037C5AE /* Card.cpp */,
				C0B83EA019E2C23C0037C5AE /* Game.cpp */,
				1984DA6A19F66EBB000FFC73 /* Human.cpp */,
				19D2FA1C19F034280074B105 /* Lobby.cpp */,
				C0B83EA519E2C23C0037C5AE /* NetworkManager.cpp */,
				C0B83EA719E2C23C0037C5AE /* Player.cpp */,
				93F833CD19F6F6D40022011F /* Rules.cpp */,
				C0B83EAF19E2C23C0037C5AE /* Score.cpp */,
				C0B83EB119E2C23C0037C5AE /* Team.cpp */,
				C0B83EB319E2C23C0037C5AE /* Trick.cpp */,
				19C390BD1A0E3BCD00C857C0 /* AnimatedObject.h */,
				19E8151E19F2C77E00B2A5F8 /* Application.h */,
				19E3F8711A0FB24E00F236E1 /* Asset.h */,
				C0B83E9A19E2C23C0037C5AE /* Bid.h */,
				C0FBD6271A1A64DD00E9E754 /* BidMaker.h */,
				C0B83EC719E2C95A0037C5AE /* Bot.h */,
				C0B83E9C19E2C23C0037C5AE /* Card.h */,
				C0C093BE19E81BD900023F27 /* Constants.h */,
				C0B83EA119E2C23C0037C5AE /* Game.h */,
				1984DA6B19F66EBB000FFC73 /* Human.h */,
				19D2FA1D19F034280074B105 /* Lobby.h */,
				C0B83EA619E2C23C0037C5AE /* NetworkManager.h */,
				C0B83EA819E2C23C0037C5AE /* Player.h */,
				93F833CF19F6F7A20022011F /* Rules.h */,
				C0B83EB019E2C23C0037C5AE /* Score.h */,
				C0B83EB219E2C23C0037C5AE /* Team.h */,
				C0B83EB419E2C23C0037C5AE /* Trick.h */,
				C0B83EAA19E2C23C0037C5AE /* ResourcePathOSX.hpp */,
				C0B83EAB19E2C23C0037C5AE /* ResourcePathOSX.mm */,
			);
			path = Cheukoin;
			sourceTree = "<group>";
		};
		19A57CD419E2989E00FE40DD /* Supporting Files */ = {
			isa = PBXGroup;
			children = (
				19A57CD519E2989E00FE40DD /* Cheukoin-Info.plist */,
			);
			name = "Supporting Files";
			path = Cheukoin;
			sourceTree = "<group>";
		};
		19EAA46219E2C72C00F23D27 /* json */ = {
			isa = PBXGroup;
			children = (
				19EAA46319E2C72C00F23D27 /* json-forwards.h */,
				19EAA46419E2C72C00F23D27 /* json.h */,
			);
			name = json;
			path = Cheukoin/json;
			sourceTree = "<group>";
		};
		C0B83EAC19E2C23C0037C5AE /* Resources */ = {
			isa = PBXGroup;
			children = (
				93C9079E1A434BB50048A38E /* endButton.png */,
				9366BA331A1E9C6700A824F5 /* nextButton.png */,
				19D2FA1F19F050CB0074B105 /* 7_of_clubs.png */,
				19D2FA2019F050CB0074B105 /* 7_of_diamonds.png */,
				19D2FA2119F050CB0074B105 /* 7_of_hearts.png */,
				19D2FA2219F050CB0074B105 /* 7_of_spades.png */,
				19D2FA2319F050CB0074B105 /* 8_of_clubs.png */,
				19D2FA2419F050CB0074B105 /* 8_of_diamonds.png */,
				19D2FA2519F050CB0074B105 /* 8_of_hearts.png */,
				19D2FA2619F050CB0074B105 /* 8_of_spades.png */,
				19D2FA2719F050CB0074B105 /* 9_of_clubs.png */,
				19D2FA2819F050CB0074B105 /* 9_of_diamonds.png */,
				19D2FA2919F050CB0074B105 /* 9_of_hearts.png */,
				19D2FA2A19F050CB0074B105 /* 9_of_spades.png */,
				19D2FA2B19F050CB0074B105 /* 10_of_clubs.png */,
				19D2FA2C19F050CB0074B105 /* 10_of_diamonds.png */,
				19D2FA2D19F050CB0074B105 /* 10_of_hearts.png */,
				19D2FA2E19F050CB0074B105 /* 10_of_spades.png */,
				19D2FA2F19F050CB0074B105 /* ace_of_clubs.png */,
				19D2FA3019F050CB0074B105 /* ace_of_diamonds.png */,
				19D2FA3119F050CB0074B105 /* ace_of_hearts.png */,
				19D2FA3219F050CB0074B105 /* ace_of_spades.png */,
				C0FBD6291A1AA09100E9E754 /* bidsTable.png */,
				197B22CE1A1248EB00E3DD3D /* cardBack.png */,
				193436E91A07CE020077F31E /* cheukoin.png */,
				19D2FA3319F050CB0074B105 /* jack_of_clubs.png */,
				19D2FA3419F050CB0074B105 /* jack_of_diamonds.png */,
				19D2FA3519F050CB0074B105 /* jack_of_hearts.png */,
				19D2FA3619F050CB0074B105 /* jack_of_spades.png */,
				19D2FA3719F050CB0074B105 /* king_of_clubs.png */,
				19D2FA3819F050CB0074B105 /* king_of_diamonds.png */,
				19D2FA3919F050CB0074B105 /* king_of_hearts.png */,
				19D2FA3A19F050CB0074B105 /* king_of_spades.png */,
				19D2FA3B19F050CB0074B105 /* queen_of_clubs.png */,
				19D2FA3C19F050CB0074B105 /* queen_of_diamonds.png */,
				19D2FA3D19F050CB0074B105 /* queen_of_hearts.png */,
				19D2FA3E19F050CB0074B105 /* queen_of_spades.png */,
				9330B4941A02C7450078D1A7 /* sansation.ttf */,
				C940966E19FED903007F4A21 /* scoreBoard.jpg */,
				C9A8B8F31A01322500459DE6 /* scoreBoard.png */,
				19E3F86E1A0FB1DC00F236E1 /* suits.png */,
				C0B1A0D519ED1C3400436C77 /* table.jpeg */,
				C0B83EAE19E2C23C0037C5AE /* Thumbs.db */,
			);
			name = Resources;
			path = Cheukoin/Resources;
			sourceTree = "<group>";
		};
		C0B83EC519E2C89A0037C5AE /* vendor */ = {
			isa = PBXGroup;
			children = (
				19EE709E1A2B465A0057D778 /* freetype.framework */,
				19EE709F1A2B465A0057D778 /* gtest.framework */,
				19EE70A01A2B465A0057D778 /* sfml-audio.framework */,
				19EE70A11A2B465A0057D778 /* sfml-graphics.framework */,
				19EE70A21A2B465A0057D778 /* sfml-network.framework */,
				19EE70A31A2B465A0057D778 /* sfml-system.framework */,
				19EE70A41A2B465A0057D778 /* sfml-window.framework */,
				19EE70A51A2B465A0057D778 /* SFML.framework */,
				19EE70A61A2B465A0057D778 /* sndfile.framework */,
				19EAA46219E2C72C00F23D27 /* json */,
				19EAA46519E2C72C00F23D27 /* jsoncpp.cpp */,
			);
			name = vendor;
			sourceTree = "<group>";
		};
/* End PBXGroup section */

/* Begin PBXNativeTarget section */
		197B234B1A1251AC00E3DD3D /* CheukoinTests */ = {
			isa = PBXNativeTarget;
			buildConfigurationList = 197B23551A1251AC00E3DD3D /* Build configuration list for PBXNativeTarget "CheukoinTests" */;
			buildPhases = (
				197B23491A1251AC00E3DD3D /* Sources */,
				197B234A1A1251AC00E3DD3D /* Frameworks */,
				197B23721A12553000E3DD3D /* Resources */,
			);
			buildRules = (
			);
			dependencies = (
			);
			name = CheukoinTests;
			productName = CheukoinTests;
			productReference = 197B234C1A1251AC00E3DD3D /* CheukoinTests */;
			productType = "com.apple.product-type.tool";
		};
		19A57CD019E2989E00FE40DD /* Cheukoin */ = {
			isa = PBXNativeTarget;
			buildConfigurationList = 19A57CE619E2989E00FE40DD /* Build configuration list for PBXNativeTarget "Cheukoin" */;
			buildPhases = (
				19A57CCC19E2989E00FE40DD /* Sources */,
				19A57CCD19E2989E00FE40DD /* Frameworks */,
				19A57CCE19E2989E00FE40DD /* Resources */,
				19A57CCF19E2989E00FE40DD /* ShellScript */,
			);
			buildRules = (
			);
			dependencies = (
			);
			name = Cheukoin;
			productName = Cheukoin;
			productReference = 19A57CD119E2989E00FE40DD /* Cheukoin.app */;
			productType = "com.apple.product-type.application";
		};
/* End PBXNativeTarget section */

/* Begin PBXProject section */
		19A57CC819E2989E00FE40DD /* Project object */ = {
			isa = PBXProject;
			attributes = {
				LastUpgradeCheck = 0610;
				ORGANIZATIONNAME = Corentin;
				TargetAttributes = {
					197B234B1A1251AC00E3DD3D = {
						CreatedOnToolsVersion = 6.1;
					};
					19A57CD019E2989E00FE40DD = {
						CreatedOnToolsVersion = 6.0;
					};
				};
			};
			buildConfigurationList = 19A57CCB19E2989E00FE40DD /* Build configuration list for PBXProject "Cheukoin" */;
			compatibilityVersion = "Xcode 3.2";
			developmentRegion = English;
			hasScannedForEncodings = 0;
			knownRegions = (
				en,
				Base,
			);
			mainGroup = 19A57CC719E2989E00FE40DD;
			productRefGroup = 19A57CD219E2989E00FE40DD /* Products */;
			projectDirPath = "";
			projectRoot = "";
			targets = (
				19A57CD019E2989E00FE40DD /* Cheukoin */,
				197B234B1A1251AC00E3DD3D /* CheukoinTests */,
			);
		};
/* End PBXProject section */

/* Begin PBXResourcesBuildPhase section */
		197B23721A12553000E3DD3D /* Resources */ = {
			isa = PBXResourcesBuildPhase;
			buildActionMask = 2147483647;
			files = (
				197B23731A12553A00E3DD3D /* cardBack.png in Resources */,
				197B23741A12553A00E3DD3D /* suits.png in Resources */,
				197B23761A12553A00E3DD3D /* cheukoin.png in Resources */,
				197B23771A12553A00E3DD3D /* sansation.ttf in Resources */,
				197B23781A12553A00E3DD3D /* 7_of_clubs.png in Resources */,
				197B23791A12553A00E3DD3D /* 7_of_diamonds.png in Resources */,
				197B237A1A12553A00E3DD3D /* 7_of_hearts.png in Resources */,
				197B237B1A12553A00E3DD3D /* 7_of_spades.png in Resources */,
				197B237C1A12553A00E3DD3D /* 8_of_clubs.png in Resources */,
				197B237D1A12553A00E3DD3D /* 8_of_diamonds.png in Resources */,
				197B237E1A12553A00E3DD3D /* 8_of_hearts.png in Resources */,
				197B237F1A12553A00E3DD3D /* 8_of_spades.png in Resources */,
				197B23801A12553A00E3DD3D /* 9_of_clubs.png in Resources */,
				197B23811A12553A00E3DD3D /* 9_of_diamonds.png in Resources */,
				197B23821A12553A00E3DD3D /* 9_of_hearts.png in Resources */,
				197B23831A12553A00E3DD3D /* 9_of_spades.png in Resources */,
				197B23841A12553A00E3DD3D /* 10_of_clubs.png in Resources */,
				197B23851A12553A00E3DD3D /* 10_of_diamonds.png in Resources */,
				197B23861A12553A00E3DD3D /* 10_of_hearts.png in Resources */,
				197B23871A12553A00E3DD3D /* 10_of_spades.png in Resources */,
				197B23881A12553A00E3DD3D /* ace_of_clubs.png in Resources */,
				197B23891A12553A00E3DD3D /* ace_of_diamonds.png in Resources */,
				197B238A1A12553A00E3DD3D /* ace_of_hearts.png in Resources */,
				197B238B1A12553A00E3DD3D /* ace_of_spades.png in Resources */,
				197B238C1A12553A00E3DD3D /* jack_of_clubs.png in Resources */,
				197B238D1A12553A00E3DD3D /* scoreBoard.jpg in Resources */,
				197B238E1A12553A00E3DD3D /* jack_of_diamonds.png in Resources */,
				197B238F1A12553A00E3DD3D /* jack_of_hearts.png in Resources */,
				197B23901A12553A00E3DD3D /* jack_of_spades.png in Resources */,
				197B23911A12553A00E3DD3D /* king_of_clubs.png in Resources */,
				197B23921A12553A00E3DD3D /* king_of_diamonds.png in Resources */,
				197B23931A12553A00E3DD3D /* king_of_hearts.png in Resources */,
				197B23941A12553A00E3DD3D /* scoreBoard.png in Resources */,
				197B23951A12553A00E3DD3D /* king_of_spades.png in Resources */,
				197B23961A12553A00E3DD3D /* queen_of_clubs.png in Resources */,
				197B23971A12553A00E3DD3D /* queen_of_diamonds.png in Resources */,
				197B23981A12553A00E3DD3D /* queen_of_hearts.png in Resources */,
				197B23991A12553A00E3DD3D /* queen_of_spades.png in Resources */,
				197B239A1A12553A00E3DD3D /* table.jpeg in Resources */,
			);
			runOnlyForDeploymentPostprocessing = 0;
		};
		19A57CCE19E2989E00FE40DD /* Resources */ = {
			isa = PBXResourcesBuildPhase;
			buildActionMask = 2147483647;
			files = (
				19D2FA4519F050CB0074B105 /* 8_of_hearts.png in Resources */,
				19D2FA5319F050CB0074B105 /* jack_of_clubs.png in Resources */,
				19D2FA3F19F050CB0074B105 /* 7_of_clubs.png in Resources */,
				19D2FA4719F050CB0074B105 /* 9_of_clubs.png in Resources */,
				C0B1A0D619ED1C3400436C77 /* table.jpeg in Resources */,
				193436EA1A07CE020077F31E /* cheukoin.png in Resources */,
				19D2FA5219F050CB0074B105 /* ace_of_spades.png in Resources */,
				19D2FA5C19F050CB0074B105 /* queen_of_diamonds.png in Resources */,
				19D2FA4F19F050CB0074B105 /* ace_of_clubs.png in Resources */,
				19D2FA4E19F050CB0074B105 /* 10_of_spades.png in Resources */,
				19D2FA5619F050CB0074B105 /* jack_of_spades.png in Resources */,
				19D2FA4D19F050CB0074B105 /* 10_of_hearts.png in Resources */,
				19D2FA5119F050CB0074B105 /* ace_of_hearts.png in Resources */,
				19D2FA5019F050CB0074B105 /* ace_of_diamonds.png in Resources */,
				19D2FA4A19F050CB0074B105 /* 9_of_spades.png in Resources */,
				C0B83EC119E2C23C0037C5AE /* Thumbs.db in Resources */,
				19D2FA5B19F050CB0074B105 /* queen_of_clubs.png in Resources */,
				93C9079F1A434BB50048A38E /* endButton.png in Resources */,
				19D2FA5519F050CB0074B105 /* jack_of_hearts.png in Resources */,
				19D2FA4019F050CB0074B105 /* 7_of_diamonds.png in Resources */,
				19D2FA5719F050CB0074B105 /* king_of_clubs.png in Resources */,
				19D2FA4919F050CB0074B105 /* 9_of_hearts.png in Resources */,
				C940966F19FED903007F4A21 /* scoreBoard.jpg in Resources */,
				C0FBD62A1A1AA09100E9E754 /* bidsTable.png in Resources */,
				19D2FA4319F050CB0074B105 /* 8_of_clubs.png in Resources */,
				19D2FA4219F050CB0074B105 /* 7_of_spades.png in Resources */,
				19D2FA5819F050CB0074B105 /* king_of_diamonds.png in Resources */,
				19D2FA5D19F050CB0074B105 /* queen_of_hearts.png in Resources */,
				19D2FA4419F050CB0074B105 /* 8_of_diamonds.png in Resources */,
				19D2FA4619F050CB0074B105 /* 8_of_spades.png in Resources */,
				C9A8B8F41A01322500459DE6 /* scoreBoard.png in Resources */,
				9366BA341A1E9C6700A824F5 /* nextButton.png in Resources */,
				9330B4951A02C7450078D1A7 /* sansation.ttf in Resources */,
				19D2FA4819F050CB0074B105 /* 9_of_diamonds.png in Resources */,
				19D2FA5A19F050CB0074B105 /* king_of_spades.png in Resources */,
				197B22CF1A1248EB00E3DD3D /* cardBack.png in Resources */,
				19D2FA4119F050CB0074B105 /* 7_of_hearts.png in Resources */,
				19D2FA5E19F050CB0074B105 /* queen_of_spades.png in Resources */,
				19D2FA4B19F050CB0074B105 /* 10_of_clubs.png in Resources */,
				19D2FA4C19F050CB0074B105 /* 10_of_diamonds.png in Resources */,
				19D2FA5919F050CB0074B105 /* king_of_hearts.png in Resources */,
				19E3F86F1A0FB1DC00F236E1 /* suits.png in Resources */,
				19D2FA5419F050CB0074B105 /* jack_of_diamonds.png in Resources */,
			);
			runOnlyForDeploymentPostprocessing = 0;
		};
/* End PBXResourcesBuildPhase section */

/* Begin PBXShellScriptBuildPhase section */
		19A57CCF19E2989E00FE40DD /* ShellScript */ = {
			isa = PBXShellScriptBuildPhase;
			buildActionMask = 2147483647;
			files = (
			);
			inputPaths = (
			);
			outputPaths = (
			);
			runOnlyForDeploymentPostprocessing = 0;
			shellPath = /bin/sh;
			shellScript = "# This shell script simply copies required sfml dylibs/frameworks into the application bundle frameworks folder.\n# If you're using static libraries (which is not recommended) you should remove this script from your project.\n\n# Are we building a project that uses framework or dylibs ?\ncase \"$SFML_BINARY_TYPE\" in\n    DYLIBS)\n        frameworks=\"false\"\n        ;;\n    *)\n        frameworks=\"true\"\n        ;;\nesac\n\n# Echoes to stderr\nerror () # $* message to display\n{\n    echo $* 1>&2\n    exit 2\n}\n\nassert () # $1 is a boolean, $2...N is an error message\n{\n    if [ $# -lt 2 ]\n    then\n        error \"Internal error in assert : not enough args\"\n    fi\n\n    if [ $1 -ne 0 ]\n    then\n        shift\n        error \"$*\"\n    fi\n}\n\nforce_remove () # $1 is a path\n{\n    test $# -eq 1\n    assert $? \"force_remove() requires one parameter\"\n    rm -fr \"$1\"\n    assert $? \"couldn't remove $1\"\n}\n\ncopy () # $1 is a source, $2 is a destination\n{\n    test $# -eq 2\n    assert $? \"copy() requires two parameters\"\n    ditto \"$1\" \"$2\"\n    assert $? \"couldn't copy $1 to $2\"\n}\n\nrequire () # $1 is a SFML module like 'system' or 'audio'\n{\n    dest=\"$BUILT_PRODUCTS_DIR/$PRODUCT_NAME.app/Contents/Frameworks\"\n    \n    if [ -z \"$1\" ]\n    then\n        error \"require() requires one parameter!\"\n    else\n        # clean potentially old stuff\n        force_remove \"$dest/libsfml-$1.2.dylib\"\n        force_remove \"$dest/libsfml-$1-d.2.dylib\"\n        force_remove \"$dest/sfml-$1.framework\"\n    \n        # copy SFML libraries\n        if [ \"$frameworks\" = \"true\" ]\n        then\n            copy \"/Library/Frameworks/sfml-$1.framework\" \"$dest/sfml-$1.framework\"\n        elif [ $CONFIGURATION = \"Debug\" ] && [ $SFML_LINK_DYLIBS_SUFFIX_DEBUG != \"\" ]\n        then\n            copy \"/usr/local/lib/libsfml-$1-d.2.dylib\" \"$dest/libsfml-$1-d.2.dylib\"\n        else\n            copy \"/usr/local/lib/libsfml-$1.2.dylib\" \"$dest/libsfml-$1.2.dylib\"\n        fi\n        \n        if [ \"$1\" = \"audio\" ]\n        then\n            # copy sndfile framework too\n            copy \"/Library/Frameworks/sndfile.framework\" \"$dest/sndfile.framework\"\n        fi\n\n        if [ \"$1\" = \"graphics\" ]\n        then\n            # copy freetype framework too\n            copy \"/Library/Frameworks/freetype.framework\" \"$dest/freetype.framework\"\n        fi\n    fi\n}\n\nif [ -n \"$SFML_SYSTEM\" ]\nthen\n    require \"system\"\nfi\n\nif [ -n \"$SFML_AUDIO\" ]\nthen\n    require \"audio\"\nfi\n\nif [ -n \"$SFML_NETWORK\" ]\nthen\n    require \"network\"\nfi\n\nif [ -n \"$SFML_WINDOW\" ]\nthen\n    require \"window\"\nfi\n\nif [ -n \"$SFML_GRAPHICS\" ]\nthen\n    require \"graphics\"\nfi\n\n                ";
		};
/* End PBXShellScriptBuildPhase section */

/* Begin PBXSourcesBuildPhase section */
		197B23491A1251AC00E3DD3D /* Sources */ = {
			isa = PBXSourcesBuildPhase;
			buildActionMask = 2147483647;
			files = (
				197B236C1A12535400E3DD3D /* Rules.cpp in Sources */,
				19EE70BA1A2B4A7F0057D778 /* BidMaker.cpp in Sources */,
				197B234F1A1251AC00E3DD3D /* main.cpp in Sources */,
				197B23641A12535400E3DD3D /* Bid.cpp in Sources */,
				197B23611A12535400E3DD3D /* AnimatedObject.cpp in Sources */,
				197B23671A12535400E3DD3D /* Game.cpp in Sources */,
				197B23711A12538300E3DD3D /* ResourcePathOSX.mm in Sources */,
				197B23691A12535400E3DD3D /* Lobby.cpp in Sources */,
				197B236D1A12535400E3DD3D /* Score.cpp in Sources */,
				197B236F1A12535800E3DD3D /* Trick.cpp in Sources */,
				197B23651A12535400E3DD3D /* Bot.cpp in Sources */,
				197B23631A12535400E3DD3D /* Asset.cpp in Sources */,
				197B236E1A12535800E3DD3D /* Team.cpp in Sources */,
				197B23701A12536E00E3DD3D /* jsoncpp.cpp in Sources */,
				197B236A1A12535400E3DD3D /* NetworkManager.cpp in Sources */,
				197B236B1A12535400E3DD3D /* Player.cpp in Sources */,
				197B23621A12535400E3DD3D /* Application.cpp in Sources */,
				197B23661A12535400E3DD3D /* Card.cpp in Sources */,
				197B23681A12535400E3DD3D /* Human.cpp in Sources */,
			);
			runOnlyForDeploymentPostprocessing = 0;
		};
		19A57CCC19E2989E00FE40DD /* Sources */ = {
			isa = PBXSourcesBuildPhase;
			buildActionMask = 2147483647;
			files = (
				C0B83EC819E2C95A0037C5AE /* Bot.cpp in Sources */,
				C0FBD6281A1A64DD00E9E754 /* BidMaker.cpp in Sources */,
				C0B83EBF19E2C23C0037C5AE /* ResourcePathOSX.mm in Sources */,
				19E3F8721A0FB24E00F236E1 /* Asset.cpp in Sources */,
				19E8151F19F2C77E00B2A5F8 /* Application.cpp in Sources */,
				1984DA6C19F66EBB000FFC73 /* Human.cpp in Sources */,
				C0B83EBE19E2C23C0037C5AE /* Player.cpp in Sources */,
				C0B83EBA19E2C23C0037C5AE /* Game.cpp in Sources */,
				C0B83EC419E2C23C0037C5AE /* Trick.cpp in Sources */,
				93F833CE19F6F6D40022011F /* Rules.cpp in Sources */,
				C0B83EC319E2C23C0037C5AE /* Team.cpp in Sources */,
				C0B83EB519E2C23C0037C5AE /* Bid.cpp in Sources */,
				C0B83EBC19E2C23C0037C5AE /* main.cpp in Sources */,
				C0B83EC219E2C23C0037C5AE /* Score.cpp in Sources */,
				19EAA46619E2C72C00F23D27 /* jsoncpp.cpp in Sources */,
				C0B83EBD19E2C23C0037C5AE /* NetworkManager.cpp in Sources */,
				C0B83EB619E2C23C0037C5AE /* Card.cpp in Sources */,
				19C390BE1A0E3BCD00C857C0 /* AnimatedObject.cpp in Sources */,
				19D2FA1E19F034280074B105 /* Lobby.cpp in Sources */,
			);
			runOnlyForDeploymentPostprocessing = 0;
		};
/* End PBXSourcesBuildPhase section */

/* Begin XCBuildConfiguration section */
		197B23561A1251AC00E3DD3D /* Debug */ = {
			isa = XCBuildConfiguration;
			buildSettings = {
				ARCHS = "$(ARCHS_STANDARD_32_64_BIT)";
				FRAMEWORK_SEARCH_PATHS = (
					/Library/Frameworks/,
					"$(inherited)",
					"$(PROJECT_DIR)/Cheukoin",
					"$(LOCAL_LIBRARY_DIR)/Frameworks",
					"$(PROJECT_DIR)/Frameworks",
				);
				GCC_PREPROCESSOR_DEFINITIONS = (
					"DEBUG=1",
					"$(inherited)",
				);
				HEADER_SEARCH_PATHS = (
					/usr/local/include/,
					"$(inherited)",
				);
				LIBRARY_SEARCH_PATHS = (
					/usr/local/lib/,
					"$(inherited)",
				);
				ONLY_ACTIVE_ARCH = NO;
				OTHER_LDFLAGS = (
					"$(inherited)",
					"$(SFML_SYSTEM)",
					"$(SFML_WINDOW)",
					"$(SFML_GRAPHICS)",
					"$(SFML_AUDIO)",
					"$(SFML_NETWORK)",
				);
				PRODUCT_NAME = "$(TARGET_NAME)";
				SFML_AUDIO = "$(SFML_LINK_PREFIX) sfml-audio$(SFML_LINK_SUFFIX)";
				SFML_BINARY_TYPE = FRAMEWORKS;
				SFML_GRAPHICS = "$(SFML_LINK_PREFIX) sfml-graphics$(SFML_LINK_SUFFIX)";
				SFML_LINK_DYLIBS_PREFIX = "-l";
				SFML_LINK_DYLIBS_SUFFIX = "";
				SFML_LINK_FRAMEWORKS_PREFIX = "-framework ";
				SFML_LINK_FRAMEWORKS_SUFFIX = "";
				SFML_LINK_PREFIX = "$(SFML_LINK_$(SFML_BINARY_TYPE)_PREFIX)";
				SFML_LINK_SUFFIX = "$(SFML_LINK_$(SFML_BINARY_TYPE)_SUFFIX)";
				SFML_NETWORK = "$(SFML_LINK_PREFIX) sfml-network$(SFML_LINK_SUFFIX)";
				SFML_SYSTEM = "$(SFML_LINK_PREFIX) sfml-system$(SFML_LINK_SUFFIX)";
				SFML_WINDOW = "$(SFML_LINK_PREFIX) sfml-window$(SFML_LINK_SUFFIX)";
				SUPPORTED_PLATFORMS = macosx;
			};
			name = Debug;
		};
		197B23571A1251AC00E3DD3D /* Release */ = {
			isa = XCBuildConfiguration;
			buildSettings = {
				ARCHS = "$(ARCHS_STANDARD_32_64_BIT)";
				FRAMEWORK_SEARCH_PATHS = (
					/Library/Frameworks/,
					"$(inherited)",
					"$(PROJECT_DIR)/Cheukoin",
					"$(LOCAL_LIBRARY_DIR)/Frameworks",
					"$(PROJECT_DIR)/Frameworks",
				);
				GCC_OPTIMIZATION_LEVEL = 3;
				HEADER_SEARCH_PATHS = (
					/usr/local/include/,
					"$(inherited)",
				);
				LIBRARY_SEARCH_PATHS = (
					/usr/local/lib/,
					"$(inherited)",
				);
				ONLY_ACTIVE_ARCH = NO;
				OTHER_LDFLAGS = (
					"$(inherited)",
					"$(SFML_SYSTEM)",
					"$(SFML_WINDOW)",
					"$(SFML_GRAPHICS)",
					"$(SFML_AUDIO)",
					"$(SFML_NETWORK)",
				);
				PRODUCT_NAME = "$(TARGET_NAME)";
				SFML_AUDIO = "$(SFML_LINK_PREFIX) sfml-audio$(SFML_LINK_SUFFIX)";
				SFML_BINARY_TYPE = FRAMEWORKS;
				SFML_GRAPHICS = "$(SFML_LINK_PREFIX) sfml-graphics$(SFML_LINK_SUFFIX)";
				SFML_LINK_DYLIBS_PREFIX = "-l";
				SFML_LINK_DYLIBS_SUFFIX = "";
				SFML_LINK_FRAMEWORKS_PREFIX = "-framework ";
				SFML_LINK_FRAMEWORKS_SUFFIX = "";
				SFML_LINK_PREFIX = "$(SFML_LINK_$(SFML_BINARY_TYPE)_PREFIX)";
				SFML_LINK_SUFFIX = "$(SFML_LINK_$(SFML_BINARY_TYPE)_SUFFIX)";
				SFML_NETWORK = "$(SFML_LINK_PREFIX) sfml-network$(SFML_LINK_SUFFIX)";
				SFML_SYSTEM = "$(SFML_LINK_PREFIX) sfml-system$(SFML_LINK_SUFFIX)";
				SFML_WINDOW = "$(SFML_LINK_PREFIX) sfml-window$(SFML_LINK_SUFFIX)";
				SUPPORTED_PLATFORMS = macosx;
			};
			name = Release;
		};
		19A57CE419E2989E00FE40DD /* Debug */ = {
			isa = XCBuildConfiguration;
			buildSettings = {
				ARCHS = "$(NATIVE_ARCH_ACTUAL)";
				CLANG_ANALYZER_OBJC_RETAIN_COUNT = YES;
				CLANG_ANALYZER_SECURITY_FLOATLOOPCOUNTER = YES;
				CLANG_CXX_LANGUAGE_STANDARD = "c++0x";
				CLANG_CXX_LIBRARY = "libc++";
				CLANG_WARN_ASSIGN_ENUM = YES;
				CLANG_WARN_BOOL_CONVERSION = YES;
				CLANG_WARN_CONSTANT_CONVERSION = YES;
				CLANG_WARN_DOCUMENTATION_COMMENTS = NO;
				CLANG_WARN_EMPTY_BODY = YES;
				CLANG_WARN_ENUM_CONVERSION = YES;
				CLANG_WARN_IMPLICIT_SIGN_CONVERSION = YES;
				CLANG_WARN_INT_CONVERSION = YES;
				CLANG_WARN_SUSPICIOUS_IMPLICIT_CONVERSION = NO;
				CLANG_WARN_UNREACHABLE_CODE = YES;
				CLANG_WARN__DUPLICATE_METHOD_MATCH = YES;
				ENABLE_STRICT_OBJC_MSGSEND = YES;
				FRAMEWORK_SEARCH_PATHS = (
					/Library/Frameworks/,
					"$(inherited)",
				);
				GCC_OPTIMIZATION_LEVEL = 0;
				GCC_PREPROCESSOR_DEFINITIONS = (
					"DEBUG=1",
					"$(inherited)",
				);
				GCC_TREAT_IMPLICIT_FUNCTION_DECLARATIONS_AS_ERRORS = YES;
				GCC_TREAT_INCOMPATIBLE_POINTER_TYPE_WARNINGS_AS_ERRORS = YES;
				GCC_VERSION = com.apple.compilers.llvm.clang.1_0;
				GCC_WARN_64_TO_32_BIT_CONVERSION = YES;
				GCC_WARN_ABOUT_MISSING_FIELD_INITIALIZERS = YES;
				GCC_WARN_ABOUT_MISSING_NEWLINE = YES;
				GCC_WARN_ABOUT_MISSING_PROTOTYPES = YES;
				GCC_WARN_ABOUT_RETURN_TYPE = YES;
				GCC_WARN_FOUR_CHARACTER_CONSTANTS = NO;
				GCC_WARN_INITIALIZER_NOT_FULLY_BRACKETED = YES;
				GCC_WARN_PEDANTIC = YES;
				GCC_WARN_SHADOW = YES;
				GCC_WARN_SIGN_COMPARE = YES;
				GCC_WARN_UNDECLARED_SELECTOR = YES;
				GCC_WARN_UNINITIALIZED_AUTOS = YES;
				GCC_WARN_UNKNOWN_PRAGMAS = YES;
				GCC_WARN_UNUSED_FUNCTION = YES;
				GCC_WARN_UNUSED_LABEL = YES;
				GCC_WARN_UNUSED_PARAMETER = YES;
				GCC_WARN_UNUSED_VARIABLE = YES;
				HEADER_SEARCH_PATHS = (
					/usr/local/include/,
					"$(inherited)",
				);
				LIBRARY_SEARCH_PATHS = (
					/usr/local/lib/,
					"$(inherited)",
				);
				MACOSX_DEPLOYMENT_TARGET = 10.7;
				ONLY_ACTIVE_ARCH = YES;
				OTHER_LDFLAGS = (
					"$(inherited)",
					"$(SFML_SYSTEM)",
					"$(SFML_WINDOW)",
					"$(SFML_GRAPHICS)",
					"$(SFML_AUDIO)",
					"$(SFML_NETWORK)",
				);
				SFML_AUDIO = "$(SFML_LINK_PREFIX) sfml-audio$(SFML_LINK_SUFFIX)";
				SFML_BINARY_TYPE = FRAMEWORKS;
				SFML_GRAPHICS = "$(SFML_LINK_PREFIX) sfml-graphics$(SFML_LINK_SUFFIX)";
				SFML_LINK_DYLIBS_PREFIX = "-l";
				SFML_LINK_DYLIBS_SUFFIX = "";
				SFML_LINK_FRAMEWORKS_PREFIX = "-framework ";
				SFML_LINK_FRAMEWORKS_SUFFIX = "";
				SFML_LINK_PREFIX = "$(SFML_LINK_$(SFML_BINARY_TYPE)_PREFIX)";
				SFML_LINK_SUFFIX = "$(SFML_LINK_$(SFML_BINARY_TYPE)_SUFFIX)";
				SFML_NETWORK = "$(SFML_LINK_PREFIX) sfml-network$(SFML_LINK_SUFFIX)";
				SFML_SYSTEM = "$(SFML_LINK_PREFIX) sfml-system$(SFML_LINK_SUFFIX)";
				SFML_WINDOW = "$(SFML_LINK_PREFIX) sfml-window$(SFML_LINK_SUFFIX)";
				SUPPORTED_PLATFORMS = macosx;
			};
			name = Debug;
		};
		19A57CE519E2989E00FE40DD /* Release */ = {
			isa = XCBuildConfiguration;
			buildSettings = {
				ARCHS = "$(NATIVE_ARCH_ACTUAL)";
				CLANG_ANALYZER_OBJC_RETAIN_COUNT = YES;
				CLANG_ANALYZER_SECURITY_FLOATLOOPCOUNTER = YES;
				CLANG_CXX_LANGUAGE_STANDARD = "c++0x";
				CLANG_CXX_LIBRARY = "libc++";
				CLANG_WARN_ASSIGN_ENUM = YES;
				CLANG_WARN_BOOL_CONVERSION = YES;
				CLANG_WARN_CONSTANT_CONVERSION = YES;
				CLANG_WARN_DOCUMENTATION_COMMENTS = NO;
				CLANG_WARN_EMPTY_BODY = YES;
				CLANG_WARN_ENUM_CONVERSION = YES;
				CLANG_WARN_IMPLICIT_SIGN_CONVERSION = YES;
				CLANG_WARN_INT_CONVERSION = YES;
				CLANG_WARN_SUSPICIOUS_IMPLICIT_CONVERSION = NO;
				CLANG_WARN_UNREACHABLE_CODE = YES;
				CLANG_WARN__DUPLICATE_METHOD_MATCH = YES;
				COPY_PHASE_STRIP = YES;
				ENABLE_STRICT_OBJC_MSGSEND = YES;
				FRAMEWORK_SEARCH_PATHS = (
					/Library/Frameworks/,
					"$(inherited)",
				);
				GCC_TREAT_IMPLICIT_FUNCTION_DECLARATIONS_AS_ERRORS = YES;
				GCC_TREAT_INCOMPATIBLE_POINTER_TYPE_WARNINGS_AS_ERRORS = YES;
				GCC_VERSION = com.apple.compilers.llvm.clang.1_0;
				GCC_WARN_64_TO_32_BIT_CONVERSION = YES;
				GCC_WARN_ABOUT_MISSING_FIELD_INITIALIZERS = YES;
				GCC_WARN_ABOUT_MISSING_NEWLINE = YES;
				GCC_WARN_ABOUT_MISSING_PROTOTYPES = YES;
				GCC_WARN_ABOUT_RETURN_TYPE = YES;
				GCC_WARN_FOUR_CHARACTER_CONSTANTS = NO;
				GCC_WARN_INITIALIZER_NOT_FULLY_BRACKETED = YES;
				GCC_WARN_PEDANTIC = YES;
				GCC_WARN_SHADOW = YES;
				GCC_WARN_SIGN_COMPARE = YES;
				GCC_WARN_UNDECLARED_SELECTOR = YES;
				GCC_WARN_UNINITIALIZED_AUTOS = YES;
				GCC_WARN_UNKNOWN_PRAGMAS = YES;
				GCC_WARN_UNUSED_FUNCTION = YES;
				GCC_WARN_UNUSED_LABEL = YES;
				GCC_WARN_UNUSED_PARAMETER = YES;
				GCC_WARN_UNUSED_VARIABLE = YES;
				HEADER_SEARCH_PATHS = (
					/usr/local/include/,
					"$(inherited)",
				);
				LIBRARY_SEARCH_PATHS = (
					/usr/local/lib/,
					"$(inherited)",
				);
				MACOSX_DEPLOYMENT_TARGET = 10.7;
				ONLY_ACTIVE_ARCH = YES;
				OTHER_LDFLAGS = (
					"$(inherited)",
					"$(SFML_SYSTEM)",
					"$(SFML_WINDOW)",
					"$(SFML_GRAPHICS)",
					"$(SFML_AUDIO)",
					"$(SFML_NETWORK)",
				);
				SFML_AUDIO = "$(SFML_LINK_PREFIX) sfml-audio$(SFML_LINK_SUFFIX)";
				SFML_BINARY_TYPE = FRAMEWORKS;
				SFML_GRAPHICS = "$(SFML_LINK_PREFIX) sfml-graphics$(SFML_LINK_SUFFIX)";
				SFML_LINK_DYLIBS_PREFIX = "-l";
				SFML_LINK_DYLIBS_SUFFIX = "";
				SFML_LINK_FRAMEWORKS_PREFIX = "-framework ";
				SFML_LINK_FRAMEWORKS_SUFFIX = "";
				SFML_LINK_PREFIX = "$(SFML_LINK_$(SFML_BINARY_TYPE)_PREFIX)";
				SFML_LINK_SUFFIX = "$(SFML_LINK_$(SFML_BINARY_TYPE)_SUFFIX)";
				SFML_NETWORK = "$(SFML_LINK_PREFIX) sfml-network$(SFML_LINK_SUFFIX)";
				SFML_SYSTEM = "$(SFML_LINK_PREFIX) sfml-system$(SFML_LINK_SUFFIX)";
				SFML_WINDOW = "$(SFML_LINK_PREFIX) sfml-window$(SFML_LINK_SUFFIX)";
				SUPPORTED_PLATFORMS = macosx;
			};
			name = Release;
		};
		19A57CE719E2989E00FE40DD /* Debug */ = {
			isa = XCBuildConfiguration;
			buildSettings = {
				COMBINE_HIDPI_IMAGES = YES;
				FRAMEWORK_SEARCH_PATHS = (
					"$(inherited)",
					"$(LOCAL_LIBRARY_DIR)/Frameworks",
					"$(PROJECT_DIR)/Cheukoin",
					"$(PROJECT_DIR)/Frameworks",
				);
				INFOPLIST_FILE = "Cheukoin/Cheukoin-Info.plist";
				LIBRARY_SEARCH_PATHS = (
					"$(inherited)",
					"$(PROJECT_DIR)/Cheukoin",
				);
				MACOSX_DEPLOYMENT_TARGET = 10.7;
				OTHER_LDFLAGS = "";
				PRODUCT_NAME = "$(TARGET_NAME)";
			};
			name = Debug;
		};
		19A57CE819E2989E00FE40DD /* Release */ = {
			isa = XCBuildConfiguration;
			buildSettings = {
				COMBINE_HIDPI_IMAGES = YES;
				FRAMEWORK_SEARCH_PATHS = (
					"$(inherited)",
					"$(LOCAL_LIBRARY_DIR)/Frameworks",
					"$(PROJECT_DIR)/Cheukoin",
					"$(PROJECT_DIR)/Frameworks",
				);
				INFOPLIST_FILE = "Cheukoin/Cheukoin-Info.plist";
				LIBRARY_SEARCH_PATHS = (
					"$(inherited)",
					"$(PROJECT_DIR)/Cheukoin",
				);
				MACOSX_DEPLOYMENT_TARGET = 10.7;
				OTHER_LDFLAGS = "";
				PRODUCT_NAME = "$(TARGET_NAME)";
			};
			name = Release;
		};
/* End XCBuildConfiguration section */

/* Begin XCConfigurationList section */
		197B23551A1251AC00E3DD3D /* Build configuration list for PBXNativeTarget "CheukoinTests" */ = {
			isa = XCConfigurationList;
			buildConfigurations = (
				197B23561A1251AC00E3DD3D /* Debug */,
				197B23571A1251AC00E3DD3D /* Release */,
			);
			defaultConfigurationIsVisible = 0;
			defaultConfigurationName = Release;
		};
		19A57CCB19E2989E00FE40DD /* Build configuration list for PBXProject "Cheukoin" */ = {
			isa = XCConfigurationList;
			buildConfigurations = (
				19A57CE419E2989E00FE40DD /* Debug */,
				19A57CE519E2989E00FE40DD /* Release */,
			);
			defaultConfigurationIsVisible = 0;
			defaultConfigurationName = Release;
		};
		19A57CE619E2989E00FE40DD /* Build configuration list for PBXNativeTarget "Cheukoin" */ = {
			isa = XCConfigurationList;
			buildConfigurations = (
				19A57CE719E2989E00FE40DD /* Debug */,
				19A57CE819E2989E00FE40DD /* Release */,
			);
			defaultConfigurationIsVisible = 0;
			defaultConfigurationName = Release;
		};
/* End XCConfigurationList section */
	};
	rootObject = 19A57CC819E2989E00FE40DD /* Project object */;
}
